
Microsoft Visual Studio Solution File, Format Version 12.00
# Visual Studio Version 17
VisualStudioVersion = 17.3.32922.545
MinimumVisualStudioVersion = 10.0.40219.1
Project("{FAE04EC0-301F-11D3-BF4B-00C04F79EFBC}") = "HotelBooking", "HotelBooking\HotelBooking.csproj", "{007983AE-049E-4308-AB50-C7C62AE38D24}"
EndProject
Global
	GlobalSection(SolutionConfigurationPlatforms) = preSolution
		Debug|Any CPU = Debug|Any CPU
		Release|Any CPU = Release|Any CPU
	EndGlobalSection
	GlobalSection(ProjectConfigurationPlatforms) = postSolution
		{007983AE-049E-4308-AB50-C7C62AE38D24}.Debug|Any CPU.ActiveCfg = Debug|Any CPU
		{007983AE-049E-4308-AB50-C7C62AE38D24}.Debug|Any CPU.Build.0 = Debug|Any CPU
		{007983AE-049E-4308-AB50-C7C62AE38D24}.Release|Any CPU.ActiveCfg = Release|Any CPU
		{007983AE-049E-4308-AB50-C7C62AE38D24}.Release|Any CPU.Build.0 = Release|Any CPU
	EndGlobalSection
	GlobalSection(SolutionProperties) = preSolution
		HideSolutionNode = FALSE
	EndGlobalSection
	GlobalSection(ExtensibilityGlobals) = postSolution
		SolutionGuid = {633BF1D9-3350-4756-9095-6E52417FF14B}
	EndGlobalSection
EndGlobal
